<?xml version="1.0" encoding="UTF-8"?>
<Scheme
   LastUpgradeVersion = "1170"
   version = "1.3">
   <BuildAction
      parallelizeBuildables = "YES"
      buildImplicitDependencies = "YES">
      <BuildActionEntries>
         <BuildActionEntry
            buildForTesting = "YES"
            buildForRunning = "YES"
            buildForProfiling = "YES"
            buildForArchiving = "YES"
            buildForAnalyzing = "YES">
            <BuildableReference
               BuildableIdentifier = "primary"
               BlueprintIdentifier = "C8C17C52251C76500023358C"
               BuildableName = "&#x5b99;&#x65af;&#x77ff;&#x6c60;.app"
               BlueprintName = "ZhouSiOrePool"
               ReferencedContainer = "container:ZhouSiOrePool.xcodeproj">
            </BuildableReference>
         </BuildActionEntry>
      </BuildActionEntries>
   </BuildAction>
   <TestAction
      buildConfiguration = "Debug"
      selectedDebuggerIdentifier = "Xcode.DebuggerFoundation.Debugger.LLDB"
      selectedLauncherIdentifier = "Xcode.DebuggerFoundation.Launcher.LLDB"
      shouldUseLaunchSchemeArgsEnv = "YES">
      <Testables>
         <TestableReference
            skipped = "NO">
            <BuildableReference
               BuildableIdentifier = "primary"
               BlueprintIdentifier = "C8C17C68251C76550023358C"
               BuildableName = "ZhouSiOrePoolTests.xctest"
               BlueprintName = "ZhouSiOrePoolTests"
               ReferencedContainer = "container:ZhouSiOrePool.xcodeproj">
            </BuildableReference>
         </TestableReference>
         <TestableReference
            skipped = "NO">
            <BuildableReference
               BuildableIdentifier = "primary"
               BlueprintIdentifier = "C8C17C73251C76550023358C"
               BuildableName = "ZhouSiOrePoolUITests.xctest"
               BlueprintName = "ZhouSiOrePoolUITests"
               ReferencedContainer = "container:ZhouSiOrePool.xcodeproj">
            </BuildableReference>
         </TestableReference>
      </Testables>
   </TestAction>
   <LaunchAction
      buildConfiguration = "Debug"
      selectedDebuggerIdentifier = "Xcode.DebuggerFoundation.Debugger.LLDB"
      selectedLauncherIdentifier = "Xcode.DebuggerFoundation.Launcher.LLDB"
      launchStyle = "0"
      useCustomWorkingDirectory = "NO"
      ignoresPersistentStateOnLaunch = "NO"
      debugDocumentVersioning = "YES"
      debugServiceExtension = "internal"
      allowLocationSimulation = "YES">
      <BuildableProductRunnable
         runnableDebuggingMode = "0">
         <BuildableReference
            BuildableIdentifier = "primary"
            BlueprintIdentifier = "C8C17C52251C76500023358C"
            BuildableName = "&#x5b99;&#x65af;&#x77ff;&#x6c60;.app"
            BlueprintName = "ZhouSiOrePool"
            ReferencedContainer = "container:ZhouSiOrePool.xcodeproj">
         </BuildableReference>
      </BuildableProductRunnable>
   </LaunchAction>
   <ProfileAction
      buildConfiguration = "Release"
      shouldUseLaunchSchemeArgsEnv = "YES"
      savedToolIdentifier = ""
      useCustomWorkingDirectory = "NO"
      debugDocumentVersioning = "YES">
      <BuildableProductRunnable
         runnableDebuggingMode = "0">
         <BuildableReference
            BuildableIdentifier = "primary"
            BlueprintIdentifier = "C8C17C52251C76500023358C"
            BuildableName = "&#x5b99;&#x65af;&#x77ff;&#x6c60;.app"
            BlueprintName = "ZhouSiOrePool"
            ReferencedContainer = "container:ZhouSiOrePool.xcodeproj">
         </BuildableReference>
      </BuildableProductRunnable>
   </ProfileAction>
   <AnalyzeAction
      buildConfiguration = "Release">
   </AnalyzeAction>
   <ArchiveAction
      buildConfiguration = "Release"
      revealArchiveInOrganizer = "YES">
   </ArchiveAction>
</Scheme>
